
Microsoft Visual Studio Solution File, Format Version 12.00
# Visual Studio Version 17
VisualStudioVersion = 17.7.34031.279
MinimumVisualStudioVersion = 10.0.40219.1
Project("{FAE04EC0-301F-11D3-BF4B-00C04F79EFBC}") = "ApiA", "ApiA\ApiA.csproj", "{3C6FBCD9-AB90-4F49-AE04-C59671C0751D}"
EndProject
Global
	GlobalSection(SolutionConfigurationPlatforms) = preSolution
		Debug|Any CPU = Debug|Any CPU
		Release|Any CPU = Release|Any CPU
	EndGlobalSection
	GlobalSection(ProjectConfigurationPlatforms) = postSolution
		{3C6FBCD9-AB90-4F49-AE04-C59671C0751D}.Debug|Any CPU.ActiveCfg = Debug|Any CPU
		{3C6FBCD9-AB90-4F49-AE04-C59671C0751D}.Debug|Any CPU.Build.0 = Debug|Any CPU
		{3C6FBCD9-AB90-4F49-AE04-C59671C0751D}.Release|Any CPU.ActiveCfg = Release|Any CPU
		{3C6FBCD9-AB90-4F49-AE04-C59671C0751D}.Release|Any CPU.Build.0 = Release|Any CPU
	EndGlobalSection
	GlobalSection(SolutionProperties) = preSolution
		HideSolutionNode = FALSE
	EndGlobalSection
	GlobalSection(ExtensibilityGlobals) = postSolution
		SolutionGuid = {26936931-41E3-4904-B85F-3DEE2B239BD5}
	EndGlobalSection
EndGlobal
